
Microsoft Visual Studio Solution File, Format Version 12.00
# Visual Studio Version 17
VisualStudioVersion = 17.3.32811.315
MinimumVisualStudioVersion = 10.0.40219.1
Project("{FAE04EC0-301F-11D3-BF4B-00C04F79EFBC}") = "WhoWantsToBeAMillionaireGame", "WhoWantsToBeAMillionaireGame\WhoWantsToBeAMillionaireGame.csproj", "{493947D8-F4E2-490C-BD71-38700591A66B}"
EndProject
Global
	GlobalSection(SolutionConfigurationPlatforms) = preSolution
		Debug|Any CPU = Debug|Any CPU
		Release|Any CPU = Release|Any CPU
	EndGlobalSection
	GlobalSection(ProjectConfigurationPlatforms) = postSolution
		{493947D8-F4E2-490C-BD71-38700591A66B}.Debug|Any CPU.ActiveCfg = Debug|Any CPU
		{493947D8-F4E2-490C-BD71-38700591A66B}.Debug|Any CPU.Build.0 = Debug|Any CPU
		{493947D8-F4E2-490C-BD71-38700591A66B}.Release|Any CPU.ActiveCfg = Release|Any CPU
		{493947D8-F4E2-490C-BD71-38700591A66B}.Release|Any CPU.Build.0 = Release|Any CPU
	EndGlobalSection
	GlobalSection(SolutionProperties) = preSolution
		HideSolutionNode = FALSE
	EndGlobalSection
	GlobalSection(ExtensibilityGlobals) = postSolution
		SolutionGuid = {C671DCA3-DB04-490B-A485-B3A89881814B}
	EndGlobalSection
EndGlobal
